// !$*UTF8*$!
{
	archiveVersion = 1;
	classes = {
	};
	objectVersion = 77;
	objects = {

/* Begin PBXBuildFile section */
		19A744A29F9E849305EAEFEE /* BatteryIndicator.swift in Sources */ = {isa = PBXBuildFile; fileRef = A3CA6827DFF15E001725A658 /* BatteryIndicator.swift */; };
		1E23F558FBA93AAED126C5E4 /* SparklineGraph.swift in Sources */ = {isa = PBXBuildFile; fileRef = 7DA1906317CC57B64C9B011C /* SparklineGraph.swift */; };
		2891E87D996E518E9C9123D7 /* Colors.swift in Sources */ = {isa = PBXBuildFile; fileRef = 351FB01A874BD367B46ABB7C /* Colors.swift */; };
		32A912198F73EF8F5996DB2E /* SettingsTab.swift in Sources */ = {isa = PBXBuildFile; fileRef = 3E50BDC5DE9232FD34378E33 /* SettingsTab.swift */; };
		3BC4B0D312EFF87FE65352F4 /* MetricBar.swift in Sources */ = {isa = PBXBuildFile; fileRef = F99DEA7B757BE754E1975445 /* MetricBar.swift */; };
		430742B23D54E00D7416A620 /* AlertManager.swift in Sources */ = {isa = PBXBuildFile; fileRef = BA37ED0993E6A980A9FDFF94 /* AlertManager.swift */; };
		44AAA5B737C2224D0348B4C3 /* SMCBridge.swift in Sources */ = {isa = PBXBuildFile; fileRef = AD07B22BFC06D76B77B50AAB /* SMCBridge.swift */; };
		44B7197DC61472AE34F1B1F2 /* ProcessMonitor.swift in Sources */ = {isa = PBXBuildFile; fileRef = 54C5125753B1EE59E88873EF /* ProcessMonitor.swift */; };
		59EB3DCE02D96A99D88AC3C6 /* ProcessesTab.swift in Sources */ = {isa = PBXBuildFile; fileRef = DCC8B94FB32FDE1C1F9A6B21 /* ProcessesTab.swift */; };
		6679064D5F0D0EE714F21578 /* IOKitBridge.swift in Sources */ = {isa = PBXBuildFile; fileRef = 49F5E47AF60FE38A876BD7A1 /* IOKitBridge.swift */; };
		747246FD46E30825FBCC2B8C /* ThermalStrip.swift in Sources */ = {isa = PBXBuildFile; fileRef = A1AE41C0E0304421AA50EA87 /* ThermalStrip.swift */; };
		9D4C6F64F9D4469E9DE894E3 /* UserPreferences.swift in Sources */ = {isa = PBXBuildFile; fileRef = 9C458D7FEE0601A0A6E1EDBA /* UserPreferences.swift */; };
		A1D6B4788BF28E842DCE45F4 /* ProcessRow.swift in Sources */ = {isa = PBXBuildFile; fileRef = 7819D7ACF020D73947DFEACE /* ProcessRow.swift */; };
		A1D9CB07FE758E3FF4E960EE /* FoundryPulseWidget.swift in Sources */ = {isa = PBXBuildFile; fileRef = 3AA86C74187C63567920176B /* FoundryPulseWidget.swift */; };
		AE57B1DCCCFAAD5450DAEBD4 /* SensorMonitor.swift in Sources */ = {isa = PBXBuildFile; fileRef = F375CD2FE3FF1241BE3A14E9 /* SensorMonitor.swift */; };
		B2DE1B124996BF5110F92972 /* GraphsTab.swift in Sources */ = {isa = PBXBuildFile; fileRef = DA4F29562A7C0B1636B643EF /* GraphsTab.swift */; };
		B3925EBF2716A83D80473544 /* NetworkIndicator.swift in Sources */ = {isa = PBXBuildFile; fileRef = C9B0E0A551D9BBC3E58AF86F /* NetworkIndicator.swift */; };
		BA6C161AFA3391260EFD8830 /* FoundryPulseApp.swift in Sources */ = {isa = PBXBuildFile; fileRef = 3F467E2D1F06D77CA09A3086 /* FoundryPulseApp.swift */; };
		C1F42F4F281AB4D429DC03FA /* MetricCircle.swift in Sources */ = {isa = PBXBuildFile; fileRef = A7A54927ECA25B8E6A3647E5 /* MetricCircle.swift */; };
		CB4A98269B7E7B0FC63A6E6A /* DatabaseManager.swift in Sources */ = {isa = PBXBuildFile; fileRef = CBE55E3A817CFBCDEE1FD719 /* DatabaseManager.swift */; };
		D229C73B78487960D7F40225 /* MenuBarView.swift in Sources */ = {isa = PBXBuildFile; fileRef = F1075EB544824787E2D97B65 /* MenuBarView.swift */; };
		EA7010DB14A757084DBB096F /* PrivacyInfo.xcprivacy in Resources */ = {isa = PBXBuildFile; fileRef = 2296784CF1B8020DE1AD091A /* PrivacyInfo.xcprivacy */; };
		FE1327891BE592C081C9697B /* OverviewTab.swift in Sources */ = {isa = PBXBuildFile; fileRef = 1615E91D25607975A49A17A1 /* OverviewTab.swift */; };
/* End PBXBuildFile section */

/* Begin PBXFileReference section */
		1615E91D25607975A49A17A1 /* OverviewTab.swift */ = {isa = PBXFileReference; lastKnownFileType = sourcecode.swift; path = OverviewTab.swift; sourceTree = "<group>"; };
		2296784CF1B8020DE1AD091A /* PrivacyInfo.xcprivacy */ = {isa = PBXFileReference; path = PrivacyInfo.xcprivacy; sourceTree = "<group>"; };
		351FB01A874BD367B46ABB7C /* Colors.swift */ = {isa = PBXFileReference; lastKnownFileType = sourcecode.swift; path = Colors.swift; sourceTree = "<group>"; };
		3AA86C74187C63567920176B /* FoundryPulseWidget.swift */ = {isa = PBXFileReference; lastKnownFileType = sourcecode.swift; path = FoundryPulseWidget.swift; sourceTree = "<group>"; };
		3E50BDC5DE9232FD34378E33 /* SettingsTab.swift */ = {isa = PBXFileReference; lastKnownFileType = sourcecode.swift; path = SettingsTab.swift; sourceTree = "<group>"; };
		3F467E2D1F06D77CA09A3086 /* FoundryPulseApp.swift */ = {isa = PBXFileReference; lastKnownFileType = sourcecode.swift; path = FoundryPulseApp.swift; sourceTree = "<group>"; };
		49F5E47AF60FE38A876BD7A1 /* IOKitBridge.swift */ = {isa = PBXFileReference; lastKnownFileType = sourcecode.swift; path = IOKitBridge.swift; sourceTree = "<group>"; };
		54C5125753B1EE59E88873EF /* ProcessMonitor.swift */ = {isa = PBXFileReference; lastKnownFileType = sourcecode.swift; path = ProcessMonitor.swift; sourceTree = "<group>"; };
		7819D7ACF020D73947DFEACE /* ProcessRow.swift */ = {isa = PBXFileReference; lastKnownFileType = sourcecode.swift; path = ProcessRow.swift; sourceTree = "<group>"; };
		7D1218B6C8E68855FCFF2922 /* FoundryPulse.app */ = {isa = PBXFileReference; explicitFileType = wrapper.application; includeInIndex = 0; path = FoundryPulse.app; sourceTree = BUILT_PRODUCTS_DIR; };
		7DA1906317CC57B64C9B011C /* SparklineGraph.swift */ = {isa = PBXFileReference; lastKnownFileType = sourcecode.swift; path = SparklineGraph.swift; sourceTree = "<group>"; };
		9C458D7FEE0601A0A6E1EDBA /* UserPreferences.swift */ = {isa = PBXFileReference; lastKnownFileType = sourcecode.swift; path = UserPreferences.swift; sourceTree = "<group>"; };
		A1AE41C0E0304421AA50EA87 /* ThermalStrip.swift */ = {isa = PBXFileReference; lastKnownFileType = sourcecode.swift; path = ThermalStrip.swift; sourceTree = "<group>"; };
		A3CA6827DFF15E001725A658 /* BatteryIndicator.swift */ = {isa = PBXFileReference; lastKnownFileType = sourcecode.swift; path = BatteryIndicator.swift; sourceTree = "<group>"; };
		A7A54927ECA25B8E6A3647E5 /* MetricCircle.swift */ = {isa = PBXFileReference; lastKnownFileType = sourcecode.swift; path = MetricCircle.swift; sourceTree = "<group>"; };
		AD07B22BFC06D76B77B50AAB /* SMCBridge.swift */ = {isa = PBXFileReference; lastKnownFileType = sourcecode.swift; path = SMCBridge.swift; sourceTree = "<group>"; };
		BA37ED0993E6A980A9FDFF94 /* AlertManager.swift */ = {isa = PBXFileReference; lastKnownFileType = sourcecode.swift; path = AlertManager.swift; sourceTree = "<group>"; };
		C9B0E0A551D9BBC3E58AF86F /* NetworkIndicator.swift */ = {isa = PBXFileReference; lastKnownFileType = sourcecode.swift; path = NetworkIndicator.swift; sourceTree = "<group>"; };
		CBE55E3A817CFBCDEE1FD719 /* DatabaseManager.swift */ = {isa = PBXFileReference; lastKnownFileType = sourcecode.swift; path = DatabaseManager.swift; sourceTree = "<group>"; };
		DA4F29562A7C0B1636B643EF /* GraphsTab.swift */ = {isa = PBXFileReference; lastKnownFileType = sourcecode.swift; path = GraphsTab.swift; sourceTree = "<group>"; };
		DCC8B94FB32FDE1C1F9A6B21 /* ProcessesTab.swift */ = {isa = PBXFileReference; lastKnownFileType = sourcecode.swift; path = ProcessesTab.swift; sourceTree = "<group>"; };
		F1075EB544824787E2D97B65 /* MenuBarView.swift */ = {isa = PBXFileReference; lastKnownFileType = sourcecode.swift; path = MenuBarView.swift; sourceTree = "<group>"; };
		F375CD2FE3FF1241BE3A14E9 /* SensorMonitor.swift */ = {isa = PBXFileReference; lastKnownFileType = sourcecode.swift; path = SensorMonitor.swift; sourceTree = "<group>"; };
		F99DEA7B757BE754E1975445 /* MetricBar.swift */ = {isa = PBXFileReference; lastKnownFileType = sourcecode.swift; path = MetricBar.swift; sourceTree = "<group>"; };
/* End PBXFileReference section */

/* Begin PBXGroup section */
		29BA282AED0C918B912D0610 /* Widgets */ = {
			isa = PBXGroup;
			children = (
				3AA86C74187C63567920176B /* FoundryPulseWidget.swift */,
			);
			path = Widgets;
			sourceTree = "<group>";
		};
		2BD51E748E92F24636B76F9C /* Products */ = {
			isa = PBXGroup;
			children = (
				7D1218B6C8E68855FCFF2922 /* FoundryPulse.app */,
			);
			name = Products;
			sourceTree = "<group>";
		};
		33E268701C02AA2D0C9D9051 /* Sensors */ = {
			isa = PBXGroup;
			children = (
				49F5E47AF60FE38A876BD7A1 /* IOKitBridge.swift */,
				54C5125753B1EE59E88873EF /* ProcessMonitor.swift */,
				F375CD2FE3FF1241BE3A14E9 /* SensorMonitor.swift */,
				AD07B22BFC06D76B77B50AAB /* SMCBridge.swift */,
			);
			path = Sensors;
			sourceTree = "<group>";
		};
		6A0D90C2541DAFD3717136EB /* Models */ = {
			isa = PBXGroup;
			children = (
				BA37ED0993E6A980A9FDFF94 /* AlertManager.swift */,
				351FB01A874BD367B46ABB7C /* Colors.swift */,
				9C458D7FEE0601A0A6E1EDBA /* UserPreferences.swift */,
			);
			path = Models;
			sourceTree = "<group>";
		};
		8BD41B6E11CB102DCD9C13E3 /* Views */ = {
			isa = PBXGroup;
			children = (
				DA4F29562A7C0B1636B643EF /* GraphsTab.swift */,
				F1075EB544824787E2D97B65 /* MenuBarView.swift */,
				1615E91D25607975A49A17A1 /* OverviewTab.swift */,
				DCC8B94FB32FDE1C1F9A6B21 /* ProcessesTab.swift */,
				3E50BDC5DE9232FD34378E33 /* SettingsTab.swift */,
				B6FF39F5EF9C0C552866B8FD /* Components */,
			);
			path = Views;
			sourceTree = "<group>";
		};
		950F7BC70C86569271945105 = {
			isa = PBXGroup;
			children = (
				A15FC5205A8F04E0A1CCA347 /* Sources */,
				2BD51E748E92F24636B76F9C /* Products */,
			);
			sourceTree = "<group>";
		};
		A15FC5205A8F04E0A1CCA347 /* Sources */ = {
			isa = PBXGroup;
			children = (
				3F467E2D1F06D77CA09A3086 /* FoundryPulseApp.swift */,
				2296784CF1B8020DE1AD091A /* PrivacyInfo.xcprivacy */,
				6A0D90C2541DAFD3717136EB /* Models */,
				33E268701C02AA2D0C9D9051 /* Sensors */,
				DF24E1E118EB5A65970592B9 /* Utilities */,
				8BD41B6E11CB102DCD9C13E3 /* Views */,
				29BA282AED0C918B912D0610 /* Widgets */,
			);
			path = Sources;
			sourceTree = "<group>";
		};
		B6FF39F5EF9C0C552866B8FD /* Components */ = {
			isa = PBXGroup;
			children = (
				A3CA6827DFF15E001725A658 /* BatteryIndicator.swift */,
				F99DEA7B757BE754E1975445 /* MetricBar.swift */,
				A7A54927ECA25B8E6A3647E5 /* MetricCircle.swift */,
				C9B0E0A551D9BBC3E58AF86F /* NetworkIndicator.swift */,
				7819D7ACF020D73947DFEACE /* ProcessRow.swift */,
				7DA1906317CC57B64C9B011C /* SparklineGraph.swift */,
				A1AE41C0E0304421AA50EA87 /* ThermalStrip.swift */,
			);
			path = Components;
			sourceTree = "<group>";
		};
		DF24E1E118EB5A65970592B9 /* Utilities */ = {
			isa = PBXGroup;
			children = (
				CBE55E3A817CFBCDEE1FD719 /* DatabaseManager.swift */,
			);
			path = Utilities;
			sourceTree = "<group>";
		};
/* End PBXGroup section */

/* Begin PBXNativeTarget section */
		43187441A35ED3EFDA44CF8A /* FoundryPulse */ = {
			isa = PBXNativeTarget;
			buildConfigurationList = 977C23297ABA9BB774F2D5A4 /* Build configuration list for PBXNativeTarget "FoundryPulse" */;
			buildPhases = (
				9D9EB00B373194F08F2CB31C /* Sources */,
				9E21E3D09745DA6AFBECD860 /* Resources */,
			);
			buildRules = (
			);
			dependencies = (
			);
			name = FoundryPulse;
			packageProductDependencies = (
			);
			productName = FoundryPulse;
			productReference = 7D1218B6C8E68855FCFF2922 /* FoundryPulse.app */;
			productType = "com.apple.product-type.application";
		};
/* End PBXNativeTarget section */

/* Begin PBXProject section */
		74E63829E76888E3C61ECD50 /* Project object */ = {
			isa = PBXProject;
			attributes = {
				BuildIndependentTargetsInParallel = YES;
				LastUpgradeCheck = 1640;
				TargetAttributes = {
					43187441A35ED3EFDA44CF8A = {
						ProvisioningStyle = Automatic;
					};
				};
			};
			buildConfigurationList = 6919A61E46B088BCDFA3F90C /* Build configuration list for PBXProject "FoundryPulse" */;
			developmentRegion = en;
			hasScannedForEncodings = 0;
			knownRegions = (
				Base,
				en,
			);
			mainGroup = 950F7BC70C86569271945105;
			minimizedProjectReferenceProxies = 1;
			preferredProjectObjectVersion = 77;
			productRefGroup = 2BD51E748E92F24636B76F9C /* Products */;
			projectDirPath = "";
			projectRoot = "";
			targets = (
				43187441A35ED3EFDA44CF8A /* FoundryPulse */,
			);
		};
/* End PBXProject section */

/* Begin PBXResourcesBuildPhase section */
		9E21E3D09745DA6AFBECD860 /* Resources */ = {
			isa = PBXResourcesBuildPhase;
			buildActionMask = 2147483647;
			files = (
				EA7010DB14A757084DBB096F /* PrivacyInfo.xcprivacy in Resources */,
			);
			runOnlyForDeploymentPostprocessing = 0;
		};
/* End PBXResourcesBuildPhase section */

/* Begin PBXSourcesBuildPhase section */
		9D9EB00B373194F08F2CB31C /* Sources */ = {
			isa = PBXSourcesBuildPhase;
			buildActionMask = 2147483647;
			files = (
				430742B23D54E00D7416A620 /* AlertManager.swift in Sources */,
				19A744A29F9E849305EAEFEE /* BatteryIndicator.swift in Sources */,
				2891E87D996E518E9C9123D7 /* Colors.swift in Sources */,
				CB4A98269B7E7B0FC63A6E6A /* DatabaseManager.swift in Sources */,
				BA6C161AFA3391260EFD8830 /* FoundryPulseApp.swift in Sources */,
				A1D9CB07FE758E3FF4E960EE /* FoundryPulseWidget.swift in Sources */,
				B2DE1B124996BF5110F92972 /* GraphsTab.swift in Sources */,
				6679064D5F0D0EE714F21578 /* IOKitBridge.swift in Sources */,
				D229C73B78487960D7F40225 /* MenuBarView.swift in Sources */,
				3BC4B0D312EFF87FE65352F4 /* MetricBar.swift in Sources */,
				C1F42F4F281AB4D429DC03FA /* MetricCircle.swift in Sources */,
				B3925EBF2716A83D80473544 /* NetworkIndicator.swift in Sources */,
				FE1327891BE592C081C9697B /* OverviewTab.swift in Sources */,
				44B7197DC61472AE34F1B1F2 /* ProcessMonitor.swift in Sources */,
				A1D6B4788BF28E842DCE45F4 /* ProcessRow.swift in Sources */,
				59EB3DCE02D96A99D88AC3C6 /* ProcessesTab.swift in Sources */,
				44AAA5B737C2224D0348B4C3 /* SMCBridge.swift in Sources */,
				AE57B1DCCCFAAD5450DAEBD4 /* SensorMonitor.swift in Sources */,
				32A912198F73EF8F5996DB2E /* SettingsTab.swift in Sources */,
				1E23F558FBA93AAED126C5E4 /* SparklineGraph.swift in Sources */,
				747246FD46E30825FBCC2B8C /* ThermalStrip.swift in Sources */,
				9D4C6F64F9D4469E9DE894E3 /* UserPreferences.swift in Sources */,
			);
			runOnlyForDeploymentPostprocessing = 0;
		};
/* End PBXSourcesBuildPhase section */

/* Begin XCBuildConfiguration section */
		0251DECCCCE1C00E775DF3D5 /* Debug */ = {
			isa = XCBuildConfiguration;
			buildSettings = {
				ASSETCATALOG_COMPILER_APPICON_NAME = AppIcon;
				CODE_SIGN_STYLE = Automatic;
				COMBINE_HIDPI_IMAGES = YES;
				GENERATE_INFOPLIST_FILE = YES;
				INFOPLIST_GENERATION_MODE = GeneratedByXcode;
				LD_RUNPATH_SEARCH_PATHS = (
					"$(inherited)",
					"@executable_path/../Frameworks",
				);
				MACOSX_DEPLOYMENT_TARGET = 14.0;
				PRODUCT_BUNDLE_IDENTIFIER = com.hanson-foundry.pulse;
				PRODUCT_NAME = FoundryPulse;
				SDKROOT = macosx;
				SWIFT_STRICT_CONCURRENCY = minimal;
				SWIFT_VERSION = 5.9;
			};
			name = Debug;
		};
		178F3084C2DA7CD89CDF8C96 /* Release */ = {
			isa = XCBuildConfiguration;
			buildSettings = {
				ASSETCATALOG_COMPILER_APPICON_NAME = AppIcon;
				CODE_SIGN_STYLE = Automatic;
				COMBINE_HIDPI_IMAGES = YES;
				GENERATE_INFOPLIST_FILE = YES;
				INFOPLIST_GENERATION_MODE = GeneratedByXcode;
				LD_RUNPATH_SEARCH_PATHS = (
					"$(inherited)",
					"@executable_path/../Frameworks",
				);
				MACOSX_DEPLOYMENT_TARGET = 14.0;
				PRODUCT_BUNDLE_IDENTIFIER = com.hanson-foundry.pulse;
				PRODUCT_NAME = FoundryPulse;
				SDKROOT = macosx;
				SWIFT_STRICT_CONCURRENCY = minimal;
				SWIFT_VERSION = 5.9;
			};
			name = Release;
		};
		ACDBAD77B7D8087E29B1B2AC /* Release */ = {
			isa = XCBuildConfiguration;
			buildSettings = {
				ALWAYS_SEARCH_USER_PATHS = NO;
				CLANG_ANALYZER_NONNULL = YES;
				CLANG_ANALYZER_NUMBER_OBJECT_CONVERSION = YES_AGGRESSIVE;
				CLANG_CXX_LANGUAGE_STANDARD = "gnu++14";
				CLANG_CXX_LIBRARY = "libc++";
				CLANG_ENABLE_MODULES = YES;
				CLANG_ENABLE_OBJC_ARC = YES;
				CLANG_ENABLE_OBJC_WEAK = YES;
				CLANG_WARN_BLOCK_CAPTURE_AUTORELEASING = YES;
				CLANG_WARN_BOOL_CONVERSION = YES;
				CLANG_WARN_COMMA = YES;
				CLANG_WARN_CONSTANT_CONVERSION = YES;
				CLANG_WARN_DEPRECATED_OBJC_IMPLEMENTATIONS = YES;
				CLANG_WARN_DIRECT_OBJC_ISA_USAGE = YES_ERROR;
				CLANG_WARN_DOCUMENTATION_COMMENTS = YES;
				CLANG_WARN_EMPTY_BODY = YES;
				CLANG_WARN_ENUM_CONVERSION = YES;
				CLANG_WARN_INFINITE_RECURSION = YES;
				CLANG_WARN_INT_CONVERSION = YES;
				CLANG_WARN_NON_LITERAL_NULL_CONVERSION = YES;
				CLANG_WARN_OBJC_IMPLICIT_RETAIN_SELF = YES;
				CLANG_WARN_OBJC_LITERAL_CONVERSION = YES;
				CLANG_WARN_OBJC_ROOT_CLASS = YES_ERROR;
				CLANG_WARN_QUOTED_INCLUDE_IN_FRAMEWORK_HEADER = YES;
				CLANG_WARN_RANGE_LOOP_ANALYSIS = YES;
				CLANG_WARN_STRICT_PROTOTYPES = YES;
				CLANG_WARN_SUSPICIOUS_MOVE = YES;
				CLANG_WARN_UNGUARDED_AVAILABILITY = YES_AGGRESSIVE;
				CLANG_WARN_UNREACHABLE_CODE = YES;
				CLANG_WARN__DUPLICATE_METHOD_MATCH = YES;
				COPY_PHASE_STRIP = NO;
				DEBUG_INFORMATION_FORMAT = "dwarf-with-dsym";
				ENABLE_NS_ASSERTIONS = NO;
				ENABLE_STRICT_OBJC_MSGSEND = YES;
				GCC_C_LANGUAGE_STANDARD = gnu11;
				GCC_NO_COMMON_BLOCKS = YES;
				GCC_WARN_64_TO_32_BIT_CONVERSION = YES;
				GCC_WARN_ABOUT_RETURN_TYPE = YES_ERROR;
				GCC_WARN_UNDECLARED_SELECTOR = YES;
				GCC_WARN_UNINITIALIZED_AUTOS = YES_AGGRESSIVE;
				GCC_WARN_UNUSED_FUNCTION = YES;
				GCC_WARN_UNUSED_VARIABLE = YES;
				MACOSX_DEPLOYMENT_TARGET = 14.0;
				MTL_ENABLE_DEBUG_INFO = NO;
				MTL_FAST_MATH = YES;
				PRODUCT_NAME = "$(TARGET_NAME)";
				SDKROOT = macosx;
				SWIFT_COMPILATION_MODE = wholemodule;
				SWIFT_OPTIMIZATION_LEVEL = "-O";
				SWIFT_VERSION = 5.0;
			};
			name = Release;
		};
		FF3D90BC25D62B2D0E4C81BE /* Debug */ = {
			isa = XCBuildConfiguration;
			buildSettings = {
				ALWAYS_SEARCH_USER_PATHS = NO;
				CLANG_ANALYZER_NONNULL = YES;
				CLANG_ANALYZER_NUMBER_OBJECT_CONVERSION = YES_AGGRESSIVE;
				CLANG_CXX_LANGUAGE_STANDARD = "gnu++14";
				CLANG_CXX_LIBRARY = "libc++";
				CLANG_ENABLE_MODULES = YES;
				CLANG_ENABLE_OBJC_ARC = YES;
				CLANG_ENABLE_OBJC_WEAK = YES;
				CLANG_WARN_BLOCK_CAPTURE_AUTORELEASING = YES;
				CLANG_WARN_BOOL_CONVERSION = YES;
				CLANG_WARN_COMMA = YES;
				CLANG_WARN_CONSTANT_CONVERSION = YES;
				CLANG_WARN_DEPRECATED_OBJC_IMPLEMENTATIONS = YES;
				CLANG_WARN_DIRECT_OBJC_ISA_USAGE = YES_ERROR;
				CLANG_WARN_DOCUMENTATION_COMMENTS = YES;
				CLANG_WARN_EMPTY_BODY = YES;
				CLANG_WARN_ENUM_CONVERSION = YES;
				CLANG_WARN_INFINITE_RECURSION = YES;
				CLANG_WARN_INT_CONVERSION = YES;
				CLANG_WARN_NON_LITERAL_NULL_CONVERSION = YES;
				CLANG_WARN_OBJC_IMPLICIT_RETAIN_SELF = YES;
				CLANG_WARN_OBJC_LITERAL_CONVERSION = YES;
				CLANG_WARN_OBJC_ROOT_CLASS = YES_ERROR;
				CLANG_WARN_QUOTED_INCLUDE_IN_FRAMEWORK_HEADER = YES;
				CLANG_WARN_RANGE_LOOP_ANALYSIS = YES;
				CLANG_WARN_STRICT_PROTOTYPES = YES;
				CLANG_WARN_SUSPICIOUS_MOVE = YES;
				CLANG_WARN_UNGUARDED_AVAILABILITY = YES_AGGRESSIVE;
				CLANG_WARN_UNREACHABLE_CODE = YES;
				CLANG_WARN__DUPLICATE_METHOD_MATCH = YES;
				COPY_PHASE_STRIP = NO;
				DEBUG_INFORMATION_FORMAT = dwarf;
				ENABLE_STRICT_OBJC_MSGSEND = YES;
				ENABLE_TESTABILITY = YES;
				GCC_C_LANGUAGE_STANDARD = gnu11;
				GCC_DYNAMIC_NO_PIC = NO;
				GCC_NO_COMMON_BLOCKS = YES;
				GCC_OPTIMIZATION_LEVEL = 0;
				GCC_PREPROCESSOR_DEFINITIONS = (
					"$(inherited)",
					"DEBUG=1",
				);
				GCC_WARN_64_TO_32_BIT_CONVERSION = YES;
				GCC_WARN_ABOUT_RETURN_TYPE = YES_ERROR;
				GCC_WARN_UNDECLARED_SELECTOR = YES;
				GCC_WARN_UNINITIALIZED_AUTOS = YES_AGGRESSIVE;
				GCC_WARN_UNUSED_FUNCTION = YES;
				GCC_WARN_UNUSED_VARIABLE = YES;
				MACOSX_DEPLOYMENT_TARGET = 14.0;
				MTL_ENABLE_DEBUG_INFO = INCLUDE_SOURCE;
				MTL_FAST_MATH = YES;
				ONLY_ACTIVE_ARCH = YES;
				PRODUCT_NAME = "$(TARGET_NAME)";
				SDKROOT = macosx;
				SWIFT_ACTIVE_COMPILATION_CONDITIONS = DEBUG;
				SWIFT_OPTIMIZATION_LEVEL = "-Onone";
				SWIFT_VERSION = 5.0;
			};
			name = Debug;
		};
/* End XCBuildConfiguration section */

/* Begin XCConfigurationList section */
		6919A61E46B088BCDFA3F90C /* Build configuration list for PBXProject "FoundryPulse" */ = {
			isa = XCConfigurationList;
			buildConfigurations = (
				FF3D90BC25D62B2D0E4C81BE /* Debug */,
				ACDBAD77B7D8087E29B1B2AC /* Release */,
			);
			defaultConfigurationIsVisible = 0;
			defaultConfigurationName = Debug;
		};
		977C23297ABA9BB774F2D5A4 /* Build configuration list for PBXNativeTarget "FoundryPulse" */ = {
			isa = XCConfigurationList;
			buildConfigurations = (
				0251DECCCCE1C00E775DF3D5 /* Debug */,
				178F3084C2DA7CD89CDF8C96 /* Release */,
			);
			defaultConfigurationIsVisible = 0;
			defaultConfigurationName = Debug;
		};
/* End XCConfigurationList section */
	};
	rootObject = 74E63829E76888E3C61ECD50 /* Project object */;
}
